// !$*UTF8*$!
{
	archiveVersion = 1;
	classes = {
	};
	objectVersion = 77;
	objects = {

/* Begin PBXBuildFile section */
		904D9A2F2DBE47A70085D237 /* powernapv2new Watch App.app in Embed Watch Content */ = {isa = PBXBuildFile; fileRef = 904D9A2E2DBE47A70085D237 /* powernapv2new Watch App.app */; settings = {ATTRIBUTES = (RemoveHeadersOnCopy, ); }; };
/* End PBXBuildFile section */

/* Begin PBXContainerItemProxy section */
		904D9A302DBE47A70085D237 /* PBXContainerItemProxy */ = {
			isa = PBXContainerItemProxy;
			containerPortal = 904D9A222DBE47A70085D237 /* Project object */;
			proxyType = 1;
			remoteGlobalIDString = 904D9A2D2DBE47A70085D237;
			remoteInfo = "powernapv2new Watch App";
		};
		904D9A412DBE47A90085D237 /* PBXContainerItemProxy */ = {
			isa = PBXContainerItemProxy;
			containerPortal = 904D9A222DBE47A70085D237 /* Project object */;
			proxyType = 1;
			remoteGlobalIDString = 904D9A2D2DBE47A70085D237;
			remoteInfo = "powernapv2new Watch App";
		};
		904D9A4B2DBE47A90085D237 /* PBXContainerItemProxy */ = {
			isa = PBXContainerItemProxy;
			containerPortal = 904D9A222DBE47A70085D237 /* Project object */;
			proxyType = 1;
			remoteGlobalIDString = 904D9A2D2DBE47A70085D237;
			remoteInfo = "powernapv2new Watch App";
		};
/* End PBXContainerItemProxy section */

/* Begin PBXCopyFilesBuildPhase section */
		904D9A572DBE47A90085D237 /* Embed Watch Content */ = {
			isa = PBXCopyFilesBuildPhase;
			buildActionMask = 2147483647;
			dstPath = "$(CONTENTS_FOLDER_PATH)/Watch";
			dstSubfolderSpec = 16;
			files = (
				904D9A2F2DBE47A70085D237 /* powernapv2new Watch App.app in Embed Watch Content */,
			);
			name = "Embed Watch Content";
			runOnlyForDeploymentPostprocessing = 0;
		};
/* End PBXCopyFilesBuildPhase section */

/* Begin PBXFileReference section */
		904D9A282DBE47A70085D237 /* powernapv2new.app */ = {isa = PBXFileReference; explicitFileType = wrapper.application; includeInIndex = 0; path = powernapv2new.app; sourceTree = BUILT_PRODUCTS_DIR; };
		904D9A2E2DBE47A70085D237 /* powernapv2new Watch App.app */ = {isa = PBXFileReference; explicitFileType = wrapper.application; includeInIndex = 0; path = "powernapv2new Watch App.app"; sourceTree = BUILT_PRODUCTS_DIR; };
		904D9A402DBE47A90085D237 /* powernapv2new Watch AppTests.xctest */ = {isa = PBXFileReference; explicitFileType = wrapper.cfbundle; includeInIndex = 0; path = "powernapv2new Watch AppTests.xctest"; sourceTree = BUILT_PRODUCTS_DIR; };
		904D9A4A2DBE47A90085D237 /* powernapv2new Watch AppUITests.xctest */ = {isa = PBXFileReference; explicitFileType = wrapper.cfbundle; includeInIndex = 0; path = "powernapv2new Watch AppUITests.xctest"; sourceTree = BUILT_PRODUCTS_DIR; };
/* End PBXFileReference section */

/* Begin PBXFileSystemSynchronizedRootGroup section */
		904D9A322DBE47A70085D237 /* powernapv2new Watch App */ = {
			isa = PBXFileSystemSynchronizedRootGroup;
			path = "powernapv2new Watch App";
			sourceTree = "<group>";
		};
		904D9A432DBE47A90085D237 /* powernapv2new Watch AppTests */ = {
			isa = PBXFileSystemSynchronizedRootGroup;
			path = "powernapv2new Watch AppTests";
			sourceTree = "<group>";
		};
		904D9A4D2DBE47A90085D237 /* powernapv2new Watch AppUITests */ = {
			isa = PBXFileSystemSynchronizedRootGroup;
			path = "powernapv2new Watch AppUITests";
			sourceTree = "<group>";
		};
/* End PBXFileSystemSynchronizedRootGroup section */

/* Begin PBXFrameworksBuildPhase section */
		904D9A2B2DBE47A70085D237 /* Frameworks */ = {
			isa = PBXFrameworksBuildPhase;
			buildActionMask = 2147483647;
			files = (
			);
			runOnlyForDeploymentPostprocessing = 0;
		};
		904D9A3D2DBE47A90085D237 /* Frameworks */ = {
			isa = PBXFrameworksBuildPhase;
			buildActionMask = 2147483647;
			files = (
			);
			runOnlyForDeploymentPostprocessing = 0;
		};
		904D9A472DBE47A90085D237 /* Frameworks */ = {
			isa = PBXFrameworksBuildPhase;
			buildActionMask = 2147483647;
			files = (
			);
			runOnlyForDeploymentPostprocessing = 0;
		};
/* End PBXFrameworksBuildPhase section */

/* Begin PBXGroup section */
		904D9A212DBE47A70085D237 = {
			isa = PBXGroup;
			children = (
				904D9A322DBE47A70085D237 /* powernapv2new Watch App */,
				904D9A432DBE47A90085D237 /* powernapv2new Watch AppTests */,
				904D9A4D2DBE47A90085D237 /* powernapv2new Watch AppUITests */,
				904D9A292DBE47A70085D237 /* Products */,
			);
			sourceTree = "<group>";
		};
		904D9A292DBE47A70085D237 /* Products */ = {
			isa = PBXGroup;
			children = (
				904D9A282DBE47A70085D237 /* powernapv2new.app */,
				904D9A2E2DBE47A70085D237 /* powernapv2new Watch App.app */,
				904D9A402DBE47A90085D237 /* powernapv2new Watch AppTests.xctest */,
				904D9A4A2DBE47A90085D237 /* powernapv2new Watch AppUITests.xctest */,
			);
			name = Products;
			sourceTree = "<group>";
		};
/* End PBXGroup section */

/* Begin PBXNativeTarget section */
		904D9A272DBE47A70085D237 /* powernapv2new */ = {
			isa = PBXNativeTarget;
			buildConfigurationList = 904D9A582DBE47A90085D237 /* Build configuration list for PBXNativeTarget "powernapv2new" */;
			buildPhases = (
				904D9A262DBE47A70085D237 /* Resources */,
				904D9A572DBE47A90085D237 /* Embed Watch Content */,
			);
			buildRules = (
			);
			dependencies = (
				904D9A312DBE47A70085D237 /* PBXTargetDependency */,
			);
			name = powernapv2new;
			packageProductDependencies = (
			);
			productName = powernapv2new;
			productReference = 904D9A282DBE47A70085D237 /* powernapv2new.app */;
			productType = "com.apple.product-type.application.watchapp2-container";
		};
		904D9A2D2DBE47A70085D237 /* powernapv2new Watch App */ = {
			isa = PBXNativeTarget;
			buildConfigurationList = 904D9A542DBE47A90085D237 /* Build configuration list for PBXNativeTarget "powernapv2new Watch App" */;
			buildPhases = (
				904D9A2A2DBE47A70085D237 /* Sources */,
				904D9A2B2DBE47A70085D237 /* Frameworks */,
				904D9A2C2DBE47A70085D237 /* Resources */,
			);
			buildRules = (
			);
			dependencies = (
			);
			fileSystemSynchronizedGroups = (
				904D9A322DBE47A70085D237 /* powernapv2new Watch App */,
			);
			name = "powernapv2new Watch App";
			packageProductDependencies = (
			);
			productName = "powernapv2new Watch App";
			productReference = 904D9A2E2DBE47A70085D237 /* powernapv2new Watch App.app */;
			productType = "com.apple.product-type.application";
		};
		904D9A3F2DBE47A90085D237 /* powernapv2new Watch AppTests */ = {
			isa = PBXNativeTarget;
			buildConfigurationList = 904D9A5B2DBE47A90085D237 /* Build configuration list for PBXNativeTarget "powernapv2new Watch AppTests" */;
			buildPhases = (
				904D9A3C2DBE47A90085D237 /* Sources */,
				904D9A3D2DBE47A90085D237 /* Frameworks */,
				904D9A3E2DBE47A90085D237 /* Resources */,
			);
			buildRules = (
			);
			dependencies = (
				904D9A422DBE47A90085D237 /* PBXTargetDependency */,
			);
			fileSystemSynchronizedGroups = (
				904D9A432DBE47A90085D237 /* powernapv2new Watch AppTests */,
			);
			name = "powernapv2new Watch AppTests";
			packageProductDependencies = (
			);
			productName = "powernapv2new Watch AppTests";
			productReference = 904D9A402DBE47A90085D237 /* powernapv2new Watch AppTests.xctest */;
			productType = "com.apple.product-type.bundle.unit-test";
		};
		904D9A492DBE47A90085D237 /* powernapv2new Watch AppUITests */ = {
			isa = PBXNativeTarget;
			buildConfigurationList = 904D9A5E2DBE47A90085D237 /* Build configuration list for PBXNativeTarget "powernapv2new Watch AppUITests" */;
			buildPhases = (
				904D9A462DBE47A90085D237 /* Sources */,
				904D9A472DBE47A90085D237 /* Frameworks */,
				904D9A482DBE47A90085D237 /* Resources */,
			);
			buildRules = (
			);
			dependencies = (
				904D9A4C2DBE47A90085D237 /* PBXTargetDependency */,
			);
			fileSystemSynchronizedGroups = (
				904D9A4D2DBE47A90085D237 /* powernapv2new Watch AppUITests */,
			);
			name = "powernapv2new Watch AppUITests";
			packageProductDependencies = (
			);
			productName = "powernapv2new Watch AppUITests";
			productReference = 904D9A4A2DBE47A90085D237 /* powernapv2new Watch AppUITests.xctest */;
			productType = "com.apple.product-type.bundle.ui-testing";
		};
/* End PBXNativeTarget section */

/* Begin PBXProject section */
		904D9A222DBE47A70085D237 /* Project object */ = {
			isa = PBXProject;
			attributes = {
				BuildIndependentTargetsInParallel = 1;
				LastSwiftUpdateCheck = 1620;
				LastUpgradeCheck = 1620;
				TargetAttributes = {
					904D9A272DBE47A70085D237 = {
						CreatedOnToolsVersion = 16.2;
					};
					904D9A2D2DBE47A70085D237 = {
						CreatedOnToolsVersion = 16.2;
					};
					904D9A3F2DBE47A90085D237 = {
						CreatedOnToolsVersion = 16.2;
						TestTargetID = 904D9A2D2DBE47A70085D237;
					};
					904D9A492DBE47A90085D237 = {
						CreatedOnToolsVersion = 16.2;
						TestTargetID = 904D9A2D2DBE47A70085D237;
					};
				};
			};
			buildConfigurationList = 904D9A252DBE47A70085D237 /* Build configuration list for PBXProject "powernapv2new" */;
			developmentRegion = en;
			hasScannedForEncodings = 0;
			knownRegions = (
				en,
				Base,
			);
			mainGroup = 904D9A212DBE47A70085D237;
			minimizedProjectReferenceProxies = 1;
			preferredProjectObjectVersion = 77;
			productRefGroup = 904D9A292DBE47A70085D237 /* Products */;
			projectDirPath = "";
			projectRoot = "";
			targets = (
				904D9A272DBE47A70085D237 /* powernapv2new */,
				904D9A2D2DBE47A70085D237 /* powernapv2new Watch App */,
				904D9A3F2DBE47A90085D237 /* powernapv2new Watch AppTests */,
				904D9A492DBE47A90085D237 /* powernapv2new Watch AppUITests */,
			);
		};
/* End PBXProject section */

/* Begin PBXResourcesBuildPhase section */
		904D9A262DBE47A70085D237 /* Resources */ = {
			isa = PBXResourcesBuildPhase;
			buildActionMask = 2147483647;
			files = (
			);
			runOnlyForDeploymentPostprocessing = 0;
		};
		904D9A2C2DBE47A70085D237 /* Resources */ = {
			isa = PBXResourcesBuildPhase;
			buildActionMask = 2147483647;
			files = (
			);
			runOnlyForDeploymentPostprocessing = 0;
		};
		904D9A3E2DBE47A90085D237 /* Resources */ = {
			isa = PBXResourcesBuildPhase;
			buildActionMask = 2147483647;
			files = (
			);
			runOnlyForDeploymentPostprocessing = 0;
		};
		904D9A482DBE47A90085D237 /* Resources */ = {
			isa = PBXResourcesBuildPhase;
			buildActionMask = 2147483647;
			files = (
			);
			runOnlyForDeploymentPostprocessing = 0;
		};
/* End PBXResourcesBuildPhase section */

/* Begin PBXSourcesBuildPhase section */
		904D9A2A2DBE47A70085D237 /* Sources */ = {
			isa = PBXSourcesBuildPhase;
			buildActionMask = 2147483647;
			files = (
			);
			runOnlyForDeploymentPostprocessing = 0;
		};
		904D9A3C2DBE47A90085D237 /* Sources */ = {
			isa = PBXSourcesBuildPhase;
			buildActionMask = 2147483647;
			files = (
			);
			runOnlyForDeploymentPostprocessing = 0;
		};
		904D9A462DBE47A90085D237 /* Sources */ = {
			isa = PBXSourcesBuildPhase;
			buildActionMask = 2147483647;
			files = (
			);
			runOnlyForDeploymentPostprocessing = 0;
		};
/* End PBXSourcesBuildPhase section */

/* Begin PBXTargetDependency section */
		904D9A312DBE47A70085D237 /* PBXTargetDependency */ = {
			isa = PBXTargetDependency;
			target = 904D9A2D2DBE47A70085D237 /* powernapv2new Watch App */;
			targetProxy = 904D9A302DBE47A70085D237 /* PBXContainerItemProxy */;
		};
		904D9A422DBE47A90085D237 /* PBXTargetDependency */ = {
			isa = PBXTargetDependency;
			target = 904D9A2D2DBE47A70085D237 /* powernapv2new Watch App */;
			targetProxy = 904D9A412DBE47A90085D237 /* PBXContainerItemProxy */;
		};
		904D9A4C2DBE47A90085D237 /* PBXTargetDependency */ = {
			isa = PBXTargetDependency;
			target = 904D9A2D2DBE47A70085D237 /* powernapv2new Watch App */;
			targetProxy = 904D9A4B2DBE47A90085D237 /* PBXContainerItemProxy */;
		};
/* End PBXTargetDependency section */

/* Begin XCBuildConfiguration section */
		904D9A522DBE47A90085D237 /* Debug */ = {
			isa = XCBuildConfiguration;
			buildSettings = {
				ALWAYS_SEARCH_USER_PATHS = NO;
				ASSETCATALOG_COMPILER_GENERATE_SWIFT_ASSET_SYMBOL_EXTENSIONS = YES;
				CLANG_ANALYZER_NONNULL = YES;
				CLANG_ANALYZER_NUMBER_OBJECT_CONVERSION = YES_AGGRESSIVE;
				CLANG_CXX_LANGUAGE_STANDARD = "gnu++20";
				CLANG_ENABLE_MODULES = YES;
				CLANG_ENABLE_OBJC_ARC = YES;
				CLANG_ENABLE_OBJC_WEAK = YES;
				CLANG_WARN_BLOCK_CAPTURE_AUTORELEASING = YES;
				CLANG_WARN_BOOL_CONVERSION = YES;
				CLANG_WARN_COMMA = YES;
				CLANG_WARN_CONSTANT_CONVERSION = YES;
				CLANG_WARN_DEPRECATED_OBJC_IMPLEMENTATIONS = YES;
				CLANG_WARN_DIRECT_OBJC_ISA_USAGE = YES_ERROR;
				CLANG_WARN_DOCUMENTATION_COMMENTS = YES;
				CLANG_WARN_EMPTY_BODY = YES;
				CLANG_WARN_ENUM_CONVERSION = YES;
				CLANG_WARN_INFINITE_RECURSION = YES;
				CLANG_WARN_INT_CONVERSION = YES;
				CLANG_WARN_NON_LITERAL_NULL_CONVERSION = YES;
				CLANG_WARN_OBJC_IMPLICIT_RETAIN_SELF = YES;
				CLANG_WARN_OBJC_LITERAL_CONVERSION = YES;
				CLANG_WARN_OBJC_ROOT_CLASS = YES_ERROR;
				CLANG_WARN_QUOTED_INCLUDE_IN_FRAMEWORK_HEADER = YES;
				CLANG_WARN_RANGE_LOOP_ANALYSIS = YES;
				CLANG_WARN_STRICT_PROTOTYPES = YES;
				CLANG_WARN_SUSPICIOUS_MOVE = YES;
				CLANG_WARN_UNGUARDED_AVAILABILITY = YES_AGGRESSIVE;
				CLANG_WARN_UNREACHABLE_CODE = YES;
				CLANG_WARN__DUPLICATE_METHOD_MATCH = YES;
				COPY_PHASE_STRIP = NO;
				DEBUG_INFORMATION_FORMAT = dwarf;
				ENABLE_STRICT_OBJC_MSGSEND = YES;
				ENABLE_TESTABILITY = YES;
				ENABLE_USER_SCRIPT_SANDBOXING = YES;
				GCC_C_LANGUAGE_STANDARD = gnu17;
				GCC_DYNAMIC_NO_PIC = NO;
				GCC_NO_COMMON_BLOCKS = YES;
				GCC_OPTIMIZATION_LEVEL = 0;
				GCC_PREPROCESSOR_DEFINITIONS = (
					"DEBUG=1",
					"$(inherited)",
				);
				GCC_WARN_64_TO_32_BIT_CONVERSION = YES;
				GCC_WARN_ABOUT_RETURN_TYPE = YES_ERROR;
				GCC_WARN_UNDECLARED_SELECTOR = YES;
				GCC_WARN_UNINITIALIZED_AUTOS = YES_AGGRESSIVE;
				GCC_WARN_UNUSED_FUNCTION = YES;
				GCC_WARN_UNUSED_VARIABLE = YES;
				LOCALIZATION_PREFERS_STRING_CATALOGS = YES;
				MTL_ENABLE_DEBUG_INFO = INCLUDE_SOURCE;
				MTL_FAST_MATH = YES;
				ONLY_ACTIVE_ARCH = YES;
				SWIFT_ACTIVE_COMPILATION_CONDITIONS = "DEBUG $(inherited)";
				SWIFT_OPTIMIZATION_LEVEL = "-Onone";
			};
			name = Debug;
		};
		904D9A532DBE47A90085D237 /* Release */ = {
			isa = XCBuildConfiguration;
			buildSettings = {
				ALWAYS_SEARCH_USER_PATHS = NO;
				ASSETCATALOG_COMPILER_GENERATE_SWIFT_ASSET_SYMBOL_EXTENSIONS = YES;
				CLANG_ANALYZER_NONNULL = YES;
				CLANG_ANALYZER_NUMBER_OBJECT_CONVERSION = YES_AGGRESSIVE;
				CLANG_CXX_LANGUAGE_STANDARD = "gnu++20";
				CLANG_ENABLE_MODULES = YES;
				CLANG_ENABLE_OBJC_ARC = YES;
				CLANG_ENABLE_OBJC_WEAK = YES;
				CLANG_WARN_BLOCK_CAPTURE_AUTORELEASING = YES;
				CLANG_WARN_BOOL_CONVERSION = YES;
				CLANG_WARN_COMMA = YES;
				CLANG_WARN_CONSTANT_CONVERSION = YES;
				CLANG_WARN_DEPRECATED_OBJC_IMPLEMENTATIONS = YES;
				CLANG_WARN_DIRECT_OBJC_ISA_USAGE = YES_ERROR;
				CLANG_WARN_DOCUMENTATION_COMMENTS = YES;
				CLANG_WARN_EMPTY_BODY = YES;
				CLANG_WARN_ENUM_CONVERSION = YES;
				CLANG_WARN_INFINITE_RECURSION = YES;
				CLANG_WARN_INT_CONVERSION = YES;
				CLANG_WARN_NON_LITERAL_NULL_CONVERSION = YES;
				CLANG_WARN_OBJC_IMPLICIT_RETAIN_SELF = YES;
				CLANG_WARN_OBJC_LITERAL_CONVERSION = YES;
				CLANG_WARN_OBJC_ROOT_CLASS = YES_ERROR;
				CLANG_WARN_QUOTED_INCLUDE_IN_FRAMEWORK_HEADER = YES;
				CLANG_WARN_RANGE_LOOP_ANALYSIS = YES;
				CLANG_WARN_STRICT_PROTOTYPES = YES;
				CLANG_WARN_SUSPICIOUS_MOVE = YES;
				CLANG_WARN_UNGUARDED_AVAILABILITY = YES_AGGRESSIVE;
				CLANG_WARN_UNREACHABLE_CODE = YES;
				CLANG_WARN__DUPLICATE_METHOD_MATCH = YES;
				COPY_PHASE_STRIP = NO;
				DEBUG_INFORMATION_FORMAT = "dwarf-with-dsym";
				ENABLE_NS_ASSERTIONS = NO;
				ENABLE_STRICT_OBJC_MSGSEND = YES;
				ENABLE_USER_SCRIPT_SANDBOXING = YES;
				GCC_C_LANGUAGE_STANDARD = gnu17;
				GCC_NO_COMMON_BLOCKS = YES;
				GCC_WARN_64_TO_32_BIT_CONVERSION = YES;
				GCC_WARN_ABOUT_RETURN_TYPE = YES_ERROR;
				GCC_WARN_UNDECLARED_SELECTOR = YES;
				GCC_WARN_UNINITIALIZED_AUTOS = YES_AGGRESSIVE;
				GCC_WARN_UNUSED_FUNCTION = YES;
				GCC_WARN_UNUSED_VARIABLE = YES;
				LOCALIZATION_PREFERS_STRING_CATALOGS = YES;
				MTL_ENABLE_DEBUG_INFO = NO;
				MTL_FAST_MATH = YES;
				SWIFT_COMPILATION_MODE = wholemodule;
			};
			name = Release;
		};
		904D9A552DBE47A90085D237 /* Debug */ = {
			isa = XCBuildConfiguration;
			buildSettings = {
				ASSETCATALOG_COMPILER_APPICON_NAME = AppIcon;
				ASSETCATALOG_COMPILER_GLOBAL_ACCENT_COLOR_NAME = AccentColor;
				CODE_SIGN_STYLE = Automatic;
				CURRENT_PROJECT_VERSION = 1;
				DEVELOPMENT_ASSET_PATHS = "\"powernapv2new Watch App/Preview Content\"";
				DEVELOPMENT_TEAM = 8BG6CPVQP5;
				ENABLE_PREVIEWS = YES;
				GENERATE_INFOPLIST_FILE = YES;
				INFOPLIST_KEY_CFBundleDisplayName = powernapv2new;
				INFOPLIST_KEY_UISupportedInterfaceOrientations = "UIInterfaceOrientationPortrait UIInterfaceOrientationPortraitUpsideDown";
				INFOPLIST_KEY_WKWatchOnly = YES;
				LD_RUNPATH_SEARCH_PATHS = (
					"$(inherited)",
					"@executable_path/Frameworks",
				);
				MARKETING_VERSION = 1.0;
				PRODUCT_BUNDLE_IDENTIFIER = com.michaellee.powernapv2new.watchkitapp;
				PRODUCT_NAME = "$(TARGET_NAME)";
				SDKROOT = watchos;
				SKIP_INSTALL = YES;
				SWIFT_EMIT_LOC_STRINGS = YES;
				SWIFT_VERSION = 5.0;
				TARGETED_DEVICE_FAMILY = 4;
				WATCHOS_DEPLOYMENT_TARGET = 11.2;
			};
			name = Debug;
		};
		904D9A562DBE47A90085D237 /* Release */ = {
			isa = XCBuildConfiguration;
			buildSettings = {
				ASSETCATALOG_COMPILER_APPICON_NAME = AppIcon;
				ASSETCATALOG_COMPILER_GLOBAL_ACCENT_COLOR_NAME = AccentColor;
				CODE_SIGN_STYLE = Automatic;
				CURRENT_PROJECT_VERSION = 1;
				DEVELOPMENT_ASSET_PATHS = "\"powernapv2new Watch App/Preview Content\"";
				DEVELOPMENT_TEAM = 8BG6CPVQP5;
				ENABLE_PREVIEWS = YES;
				GENERATE_INFOPLIST_FILE = YES;
				INFOPLIST_KEY_CFBundleDisplayName = powernapv2new;
				INFOPLIST_KEY_UISupportedInterfaceOrientations = "UIInterfaceOrientationPortrait UIInterfaceOrientationPortraitUpsideDown";
				INFOPLIST_KEY_WKWatchOnly = YES;
				LD_RUNPATH_SEARCH_PATHS = (
					"$(inherited)",
					"@executable_path/Frameworks",
				);
				MARKETING_VERSION = 1.0;
				PRODUCT_BUNDLE_IDENTIFIER = com.michaellee.powernapv2new.watchkitapp;
				PRODUCT_NAME = "$(TARGET_NAME)";
				SDKROOT = watchos;
				SKIP_INSTALL = YES;
				SWIFT_EMIT_LOC_STRINGS = YES;
				SWIFT_VERSION = 5.0;
				TARGETED_DEVICE_FAMILY = 4;
				VALIDATE_PRODUCT = YES;
				WATCHOS_DEPLOYMENT_TARGET = 11.2;
			};
			name = Release;
		};
		904D9A592DBE47A90085D237 /* Debug */ = {
			isa = XCBuildConfiguration;
			buildSettings = {
				CODE_SIGN_STYLE = Automatic;
				CURRENT_PROJECT_VERSION = 1;
				DEVELOPMENT_TEAM = 8BG6CPVQP5;
				INFOPLIST_KEY_CFBundleDisplayName = powernapv2new;
				MARKETING_VERSION = 1.0;
				PRODUCT_BUNDLE_IDENTIFIER = com.michaellee.powernapv2new;
				PRODUCT_NAME = "$(TARGET_NAME)";
				SDKROOT = iphoneos;
				SWIFT_VERSION = 5.0;
			};
			name = Debug;
		};
		904D9A5A2DBE47A90085D237 /* Release */ = {
			isa = XCBuildConfiguration;
			buildSettings = {
				CODE_SIGN_STYLE = Automatic;
				CURRENT_PROJECT_VERSION = 1;
				DEVELOPMENT_TEAM = 8BG6CPVQP5;
				INFOPLIST_KEY_CFBundleDisplayName = powernapv2new;
				MARKETING_VERSION = 1.0;
				PRODUCT_BUNDLE_IDENTIFIER = com.michaellee.powernapv2new;
				PRODUCT_NAME = "$(TARGET_NAME)";
				SDKROOT = iphoneos;
				SWIFT_VERSION = 5.0;
				VALIDATE_PRODUCT = YES;
			};
			name = Release;
		};
		904D9A5C2DBE47A90085D237 /* Debug */ = {
			isa = XCBuildConfiguration;
			buildSettings = {
				BUNDLE_LOADER = "$(TEST_HOST)";
				CODE_SIGN_STYLE = Automatic;
				CURRENT_PROJECT_VERSION = 1;
				DEVELOPMENT_TEAM = 8BG6CPVQP5;
				GENERATE_INFOPLIST_FILE = YES;
				MARKETING_VERSION = 1.0;
				PRODUCT_BUNDLE_IDENTIFIER = "com.michaellee.powernapv2new-Watch-AppTests";
				PRODUCT_NAME = "$(TARGET_NAME)";
				SDKROOT = watchos;
				SWIFT_EMIT_LOC_STRINGS = NO;
				SWIFT_VERSION = 5.0;
				TARGETED_DEVICE_FAMILY = 4;
				TEST_HOST = "$(BUILT_PRODUCTS_DIR)/powernapv2new Watch App.app/$(BUNDLE_EXECUTABLE_FOLDER_PATH)/powernapv2new Watch App";
				WATCHOS_DEPLOYMENT_TARGET = 11.2;
			};
			name = Debug;
		};
		904D9A5D2DBE47A90085D237 /* Release */ = {
			isa = XCBuildConfiguration;
			buildSettings = {
				BUNDLE_LOADER = "$(TEST_HOST)";
				CODE_SIGN_STYLE = Automatic;
				CURRENT_PROJECT_VERSION = 1;
				DEVELOPMENT_TEAM = 8BG6CPVQP5;
				GENERATE_INFOPLIST_FILE = YES;
				MARKETING_VERSION = 1.0;
				PRODUCT_BUNDLE_IDENTIFIER = "com.michaellee.powernapv2new-Watch-AppTests";
				PRODUCT_NAME = "$(TARGET_NAME)";
				SDKROOT = watchos;
				SWIFT_EMIT_LOC_STRINGS = NO;
				SWIFT_VERSION = 5.0;
				TARGETED_DEVICE_FAMILY = 4;
				TEST_HOST = "$(BUILT_PRODUCTS_DIR)/powernapv2new Watch App.app/$(BUNDLE_EXECUTABLE_FOLDER_PATH)/powernapv2new Watch App";
				VALIDATE_PRODUCT = YES;
				WATCHOS_DEPLOYMENT_TARGET = 11.2;
			};
			name = Release;
		};
		904D9A5F2DBE47A90085D237 /* Debug */ = {
			isa = XCBuildConfiguration;
			buildSettings = {
				CODE_SIGN_STYLE = Automatic;
				CURRENT_PROJECT_VERSION = 1;
				DEVELOPMENT_TEAM = 8BG6CPVQP5;
				GENERATE_INFOPLIST_FILE = YES;
				MARKETING_VERSION = 1.0;
				PRODUCT_BUNDLE_IDENTIFIER = "com.michaellee.powernapv2new-Watch-AppUITests";
				PRODUCT_NAME = "$(TARGET_NAME)";
				SDKROOT = watchos;
				SWIFT_EMIT_LOC_STRINGS = NO;
				SWIFT_VERSION = 5.0;
				TARGETED_DEVICE_FAMILY = 4;
				TEST_TARGET_NAME = "powernapv2new Watch App";
				WATCHOS_DEPLOYMENT_TARGET = 11.2;
			};
			name = Debug;
		};
		904D9A602DBE47A90085D237 /* Release */ = {
			isa = XCBuildConfiguration;
			buildSettings = {
				CODE_SIGN_STYLE = Automatic;
				CURRENT_PROJECT_VERSION = 1;
				DEVELOPMENT_TEAM = 8BG6CPVQP5;
				GENERATE_INFOPLIST_FILE = YES;
				MARKETING_VERSION = 1.0;
				PRODUCT_BUNDLE_IDENTIFIER = "com.michaellee.powernapv2new-Watch-AppUITests";
				PRODUCT_NAME = "$(TARGET_NAME)";
				SDKROOT = watchos;
				SWIFT_EMIT_LOC_STRINGS = NO;
				SWIFT_VERSION = 5.0;
				TARGETED_DEVICE_FAMILY = 4;
				TEST_TARGET_NAME = "powernapv2new Watch App";
				VALIDATE_PRODUCT = YES;
				WATCHOS_DEPLOYMENT_TARGET = 11.2;
			};
			name = Release;
		};
/* End XCBuildConfiguration section */

/* Begin XCConfigurationList section */
		904D9A252DBE47A70085D237 /* Build configuration list for PBXProject "powernapv2new" */ = {
			isa = XCConfigurationList;
			buildConfigurations = (
				904D9A522DBE47A90085D237 /* Debug */,
				904D9A532DBE47A90085D237 /* Release */,
			);
			defaultConfigurationIsVisible = 0;
			defaultConfigurationName = Release;
		};
		904D9A542DBE47A90085D237 /* Build configuration list for PBXNativeTarget "powernapv2new Watch App" */ = {
			isa = XCConfigurationList;
			buildConfigurations = (
				904D9A552DBE47A90085D237 /* Debug */,
				904D9A562DBE47A90085D237 /* Release */,
			);
			defaultConfigurationIsVisible = 0;
			defaultConfigurationName = Release;
		};
		904D9A582DBE47A90085D237 /* Build configuration list for PBXNativeTarget "powernapv2new" */ = {
			isa = XCConfigurationList;
			buildConfigurations = (
				904D9A592DBE47A90085D237 /* Debug */,
				904D9A5A2DBE47A90085D237 /* Release */,
			);
			defaultConfigurationIsVisible = 0;
			defaultConfigurationName = Release;
		};
		904D9A5B2DBE47A90085D237 /* Build configuration list for PBXNativeTarget "powernapv2new Watch AppTests" */ = {
			isa = XCConfigurationList;
			buildConfigurations = (
				904D9A5C2DBE47A90085D237 /* Debug */,
				904D9A5D2DBE47A90085D237 /* Release */,
			);
			defaultConfigurationIsVisible = 0;
			defaultConfigurationName = Release;
		};
		904D9A5E2DBE47A90085D237 /* Build configuration list for PBXNativeTarget "powernapv2new Watch AppUITests" */ = {
			isa = XCConfigurationList;
			buildConfigurations = (
				904D9A5F2DBE47A90085D237 /* Debug */,
				904D9A602DBE47A90085D237 /* Release */,
			);
			defaultConfigurationIsVisible = 0;
			defaultConfigurationName = Release;
		};
/* End XCConfigurationList section */
	};
	rootObject = 904D9A222DBE47A70085D237 /* Project object */;
}
